
Microsoft Visual Studio Solution File, Format Version 12.00
# Visual Studio Version 16
VisualStudioVersion = 25.0.1705.2
MinimumVisualStudioVersion = 10.0.40219.1
Project("{FAE04EC0-301F-11D3-BF4B-00C04F79EFBC}") = "CoinManager.Core", "CoinManager.Core\CoinManager.Core.csproj", "{193DA0CE-2BA5-43CC-B474-93532C7D32B7}"
EndProject
Project("{2150E333-8FDC-42A3-9474-1A3956D46DE8}") = "Solution Items", "Solution Items", "{AC48C041-4856-4A22-A48F-7D2A4587FE1B}"
EndProject
Project("{FAE04EC0-301F-11D3-BF4B-00C04F79EFBC}") = "CoinManager.Application", "CoinManager.Application\CoinManager.Application.csproj", "{A69DBCF2-0070-498D-88BB-10C8CAEF4F0E}"
EndProject
Project("{FAE04EC0-301F-11D3-BF4B-00C04F79EFBC}") = "CoinManager.Infrastructure", "CoinManager.Infrastructure\CoinManager.Infrastructure.csproj", "{9C6EBB00-3798-4E74-9B90-F6F9D7BE5BDC}"
EndProject
Project("{FAE04EC0-301F-11D3-BF4B-00C04F79EFBC}") = "CoinManager.API", "CoinManager.API\CoinManager.API.csproj", "{F3205245-40BE-46C2-877D-102B64C7F4B5}"
EndProject
Project("{FAE04EC0-301F-11D3-BF4B-00C04F79EFBC}") = "CoinManager.Application.Tests", "CoinManager.Application.Tests\CoinManager.Application.Tests.csproj", "{EA390412-442E-4A4F-8645-BD8B6255F99B}"
EndProject
Global
	GlobalSection(SolutionConfigurationPlatforms) = preSolution
		Debug|Any CPU = Debug|Any CPU
		Release|Any CPU = Release|Any CPU
	EndGlobalSection
	GlobalSection(ProjectConfigurationPlatforms) = postSolution
		{193DA0CE-2BA5-43CC-B474-93532C7D32B7}.Debug|Any CPU.ActiveCfg = Debug|Any CPU
		{193DA0CE-2BA5-43CC-B474-93532C7D32B7}.Debug|Any CPU.Build.0 = Debug|Any CPU
		{193DA0CE-2BA5-43CC-B474-93532C7D32B7}.Release|Any CPU.ActiveCfg = Release|Any CPU
		{193DA0CE-2BA5-43CC-B474-93532C7D32B7}.Release|Any CPU.Build.0 = Release|Any CPU
		{A69DBCF2-0070-498D-88BB-10C8CAEF4F0E}.Debug|Any CPU.ActiveCfg = Debug|Any CPU
		{A69DBCF2-0070-498D-88BB-10C8CAEF4F0E}.Debug|Any CPU.Build.0 = Debug|Any CPU
		{A69DBCF2-0070-498D-88BB-10C8CAEF4F0E}.Release|Any CPU.ActiveCfg = Release|Any CPU
		{A69DBCF2-0070-498D-88BB-10C8CAEF4F0E}.Release|Any CPU.Build.0 = Release|Any CPU
		{9C6EBB00-3798-4E74-9B90-F6F9D7BE5BDC}.Debug|Any CPU.ActiveCfg = Debug|Any CPU
		{9C6EBB00-3798-4E74-9B90-F6F9D7BE5BDC}.Debug|Any CPU.Build.0 = Debug|Any CPU
		{9C6EBB00-3798-4E74-9B90-F6F9D7BE5BDC}.Release|Any CPU.ActiveCfg = Release|Any CPU
		{9C6EBB00-3798-4E74-9B90-F6F9D7BE5BDC}.Release|Any CPU.Build.0 = Release|Any CPU
		{F3205245-40BE-46C2-877D-102B64C7F4B5}.Debug|Any CPU.ActiveCfg = Debug|Any CPU
		{F3205245-40BE-46C2-877D-102B64C7F4B5}.Debug|Any CPU.Build.0 = Debug|Any CPU
		{F3205245-40BE-46C2-877D-102B64C7F4B5}.Release|Any CPU.ActiveCfg = Release|Any CPU
		{F3205245-40BE-46C2-877D-102B64C7F4B5}.Release|Any CPU.Build.0 = Release|Any CPU
		{EA390412-442E-4A4F-8645-BD8B6255F99B}.Debug|Any CPU.ActiveCfg = Debug|Any CPU
		{EA390412-442E-4A4F-8645-BD8B6255F99B}.Debug|Any CPU.Build.0 = Debug|Any CPU
		{EA390412-442E-4A4F-8645-BD8B6255F99B}.Release|Any CPU.ActiveCfg = Release|Any CPU
		{EA390412-442E-4A4F-8645-BD8B6255F99B}.Release|Any CPU.Build.0 = Release|Any CPU
	EndGlobalSection
	GlobalSection(SolutionProperties) = preSolution
		HideSolutionNode = FALSE
	EndGlobalSection
	GlobalSection(ExtensibilityGlobals) = postSolution
		SolutionGuid = {B37FCFE2-3A93-456A-8EBB-4CA0739B0D46}
	EndGlobalSection
EndGlobal
